
Microsoft Visual Studio Solution File, Format Version 12.00
# Visual Studio 14
VisualStudioVersion = 14.0.25420.1
MinimumVisualStudioVersion = 10.0.40219.1
Project("{FAE04EC0-301F-11D3-BF4B-00C04F79EFBC}") = "Warehouse.Api", "Warehouse.Api\Warehouse.Api.csproj", "{615A52EC-0CFD-4370-8190-85CF58BE7F5A}"
EndProject
Project("{FAE04EC0-301F-11D3-BF4B-00C04F79EFBC}") = "Warehouse.Data", "Warehouse.Data\Warehouse.Data.csproj", "{67340B28-6F65-4332-BB4B-96DF912468A7}"
EndProject
Global
	GlobalSection(SolutionConfigurationPlatforms) = preSolution
		Debug|Any CPU = Debug|Any CPU
		Release|Any CPU = Release|Any CPU
	EndGlobalSection
	GlobalSection(ProjectConfigurationPlatforms) = postSolution
		{615A52EC-0CFD-4370-8190-85CF58BE7F5A}.Debug|Any CPU.ActiveCfg = Debug|Any CPU
		{615A52EC-0CFD-4370-8190-85CF58BE7F5A}.Debug|Any CPU.Build.0 = Debug|Any CPU
		{615A52EC-0CFD-4370-8190-85CF58BE7F5A}.Release|Any CPU.ActiveCfg = Release|Any CPU
		{615A52EC-0CFD-4370-8190-85CF58BE7F5A}.Release|Any CPU.Build.0 = Release|Any CPU
		{67340B28-6F65-4332-BB4B-96DF912468A7}.Debug|Any CPU.ActiveCfg = Debug|Any CPU
		{67340B28-6F65-4332-BB4B-96DF912468A7}.Debug|Any CPU.Build.0 = Debug|Any CPU
		{67340B28-6F65-4332-BB4B-96DF912468A7}.Release|Any CPU.ActiveCfg = Release|Any CPU
		{67340B28-6F65-4332-BB4B-96DF912468A7}.Release|Any CPU.Build.0 = Release|Any CPU
	EndGlobalSection
	GlobalSection(SolutionProperties) = preSolution
		HideSolutionNode = FALSE
	EndGlobalSection
EndGlobal
